
Microsoft Visual Studio Solution File, Format Version 12.00
# Visual Studio Version 17
VisualStudioVersion = 17.4.33103.184
MinimumVisualStudioVersion = 10.0.40219.1
Project("{FAE04EC0-301F-11D3-BF4B-00C04F79EFBC}") = "PresentacionWindows", "PresentacionWindows\PresentacionWindows.csproj", "{1241DF2C-F837-4B20-B433-BFF2FEFC9A89}"
EndProject
Project("{FAE04EC0-301F-11D3-BF4B-00C04F79EFBC}") = "LibreriaEmpleado", "LibreriaEmpleado\LibreriaEmpleado.csproj", "{79FFA7F4-F427-434F-9FA8-E340FFBDD866}"
EndProject
Global
	GlobalSection(SolutionConfigurationPlatforms) = preSolution
		Debug|Any CPU = Debug|Any CPU
		Release|Any CPU = Release|Any CPU
	EndGlobalSection
	GlobalSection(ProjectConfigurationPlatforms) = postSolution
		{1241DF2C-F837-4B20-B433-BFF2FEFC9A89}.Debug|Any CPU.ActiveCfg = Debug|Any CPU
		{1241DF2C-F837-4B20-B433-BFF2FEFC9A89}.Debug|Any CPU.Build.0 = Debug|Any CPU
		{1241DF2C-F837-4B20-B433-BFF2FEFC9A89}.Release|Any CPU.ActiveCfg = Release|Any CPU
		{1241DF2C-F837-4B20-B433-BFF2FEFC9A89}.Release|Any CPU.Build.0 = Release|Any CPU
		{79FFA7F4-F427-434F-9FA8-E340FFBDD866}.Debug|Any CPU.ActiveCfg = Debug|Any CPU
		{79FFA7F4-F427-434F-9FA8-E340FFBDD866}.Debug|Any CPU.Build.0 = Debug|Any CPU
		{79FFA7F4-F427-434F-9FA8-E340FFBDD866}.Release|Any CPU.ActiveCfg = Release|Any CPU
		{79FFA7F4-F427-434F-9FA8-E340FFBDD866}.Release|Any CPU.Build.0 = Release|Any CPU
	EndGlobalSection
	GlobalSection(SolutionProperties) = preSolution
		HideSolutionNode = FALSE
	EndGlobalSection
	GlobalSection(ExtensibilityGlobals) = postSolution
		SolutionGuid = {ACD9EA37-31CF-4156-B01C-5DE4EF8EA12D}
	EndGlobalSection
EndGlobal
